github.com/nikolaydubina/mdpage v1.8.0 h1:ANvjlMZl1UlmPAHOmNSWI7zKzo4T+kJlcL4MDfpkgSI=
github.com/nikolaydubina/mdpage v1.8.0/go.mod h1:RJhbUZIlRBVQRMkLYFgDehxqkRSXSPYhiBwQWtwIlAo=
gopkg.in/check.v1 v0.0.0-20161208181325-20d25e280405/go.mod h1:Co6ibVJAznAaIkqp8huTwlJQCZ016jof/cbN4VW5Yz0=
gopkg.in/yaml.v3 v3.0.1 h1:fxVm/GzAzEWqLHuvctI91KS9hhNmmWOoWu0XTYJS7CA=
gopkg.in/yaml.v3 v3.0.1/go.mod h1:K4uyk7z7BCEPqu6E+C64Yfv1cQ7kz7rIZviUmN+EgEM=
